PODS:
  - LEGOPopover (0.1.1):
    - Masonry
  - Masonry (1.1.0)

DEPENDENCIES:
  - LEGOPopover (from `../`)

SPEC REPOS:
  https://github.com/cocoapods/specs.git:
    - Masonry

EXTERNAL SOURCES:
  LEGOPopover:
    :path: "../"

SPEC CHECKSUMS:
  LEGOPopover: 27aa3502dabf5c942f072972ee116425da4c424a
  Masonry: 678fab65091a9290e40e2832a55e7ab731aad201

PODFILE CHECKSUM: 5c917047d7bea15bbe21eec5419f59a01f13de55

COCOAPODS: 1.7.4
